
Microsoft Visual Studio Solution File, Format Version 12.00
# Visual Studio Version 17
VisualStudioVersion = 17.14.36518.9 d17.14
MinimumVisualStudioVersion = 10.0.40219.1
Project("{2150E333-8FDC-42A3-9474-1A3956D46DE8}") = "src", "src", "{02EA681E-C7D8-13C7-8484-4AC65E1B71E8}"
EndProject
Project("{FAE04EC0-301F-11D3-BF4B-00C04F79EFBC}") = "UI_MVC", "src\UI_MVC\UI_MVC.csproj", "{6E9F1F5F-EB26-443D-98AB-D3B194D3D276}"
EndProject
Global
	GlobalSection(SolutionConfigurationPlatforms) = preSolution
		Debug|Any CPU = Debug|Any CPU
		Release|Any CPU = Release|Any CPU
	EndGlobalSection
	GlobalSection(ProjectConfigurationPlatforms) = postSolution
		{6E9F1F5F-EB26-443D-98AB-D3B194D3D276}.Debug|Any CPU.ActiveCfg = Debug|Any CPU
		{6E9F1F5F-EB26-443D-98AB-D3B194D3D276}.Debug|Any CPU.Build.0 = Debug|Any CPU
		{6E9F1F5F-EB26-443D-98AB-D3B194D3D276}.Release|Any CPU.ActiveCfg = Release|Any CPU
		{6E9F1F5F-EB26-443D-98AB-D3B194D3D276}.Release|Any CPU.Build.0 = Release|Any CPU
	EndGlobalSection
	GlobalSection(SolutionProperties) = preSolution
		HideSolutionNode = FALSE
	EndGlobalSection
	GlobalSection(NestedProjects) = preSolution
		{6E9F1F5F-EB26-443D-98AB-D3B194D3D276} = {02EA681E-C7D8-13C7-8484-4AC65E1B71E8}
	EndGlobalSection
	GlobalSection(ExtensibilityGlobals) = postSolution
		SolutionGuid = {A6F1982F-2F68-4504-B9FA-01DC5FAFB764}
	EndGlobalSection
EndGlobal
